<?xml version="1.0" encoding="UTF-8"?>
<Scheme
   version = "1.3">
   <BuildAction>
      <BuildActionEntries>
         <BuildActionEntry
            buildForRunning = "YES">
            <BuildableReference
               BuildableIdentifier = "primary"
               BlueprintIdentifier = "F6C0C468251534D7003C357C"
               BuildableName = "Chuck-Norris-SwiftUI.app"
               BlueprintName = "Chuck-Norris-SwiftUI"
               ReferencedContainer = "container:Chuck-Norris-SwiftUI.xcodeproj">
            </BuildableReference>
         </BuildActionEntry>
      </BuildActionEntries>
   </BuildAction>
   <LaunchAction
      useCustomWorkingDirectory = "NO"
      buildConfiguration = "Debug"
      allowLocationSimulation = "YES">
      <BuildableProductRunnable>
         <BuildableReference
            BuildableIdentifier = "primary"
            BlueprintIdentifier = "F6C0C468251534D7003C357C"
            BuildableName = "Chuck-Norris-SwiftUI.app"
            BlueprintName = "Chuck-Norris-SwiftUI"
            ReferencedContainer = "container:Chuck-Norris-SwiftUI.xcodeproj">
         </BuildableReference>
      </BuildableProductRunnable>
   </LaunchAction>
</Scheme>
